
Microsoft Visual Studio Solution File, Format Version 12.00
# Visual Studio Version 16
VisualStudioVersion = 16.0.31624.102
MinimumVisualStudioVersion = 10.0.40219.1
Project("{8BC9CEB8-8B4A-11D0-8D11-00A0C91BC942}") = "GraphCut", "GraphCut.vcxproj", "{146D157A-B1E5-472D-8418-1736EDDE9DB6}"
EndProject
Global
	GlobalSection(SolutionConfigurationPlatforms) = preSolution
		Debug|x64 = Debug|x64
		Release|x64 = Release|x64
	EndGlobalSection
	GlobalSection(ProjectConfigurationPlatforms) = postSolution
		{146D157A-B1E5-472D-8418-1736EDDE9DB6}.Debug|x64.ActiveCfg = Debug|x64
		{146D157A-B1E5-472D-8418-1736EDDE9DB6}.Debug|x64.Build.0 = Debug|x64
		{146D157A-B1E5-472D-8418-1736EDDE9DB6}.Release|x64.ActiveCfg = Release|x64
		{146D157A-B1E5-472D-8418-1736EDDE9DB6}.Release|x64.Build.0 = Release|x64
	EndGlobalSection
	GlobalSection(SolutionProperties) = preSolution
		HideSolutionNode = FALSE
	EndGlobalSection
	GlobalSection(ExtensibilityGlobals) = postSolution
		SolutionGuid = {CBE65F23-94A3-464D-93D3-E8360A29B9E9}
	EndGlobalSection
EndGlobal
